{
  "requires": true,
  "lockfileVersion": 1,
  "dependencies": {
    "react-image": {
      "version": "4.0.3",
      "resolved": "https://registry.npmjs.org/react-image/-/react-image-4.0.3.tgz",
      "integrity": "sha512-19MUK9u1qaw9xys8XEsVkSpVhHctEBUeYFvrLTe1PN+4w5Co13AN2WA7xtBshPM6SthsOj77SlDrEAeOaJpf7g=="
    }
  }
}
